
Microsoft Visual Studio Solution File, Format Version 12.00
# Visual Studio 15
VisualStudioVersion = 15.0.26124.0
MinimumVisualStudioVersion = 15.0.26124.0
Project("{2150E333-8FDC-42A3-9474-1A3956D46DE8}") = "src", "src", "{6C57DDCC-CACB-4CC0-B612-F07F5ED4686F}"
EndProject
Project("{2150E333-8FDC-42A3-9474-1A3956D46DE8}") = "tests", "tests", "{D80012EC-0AFC-415B-A58B-6B06B770342D}"
EndProject
Project("{F2A71F9B-5D33-465A-A702-920D77279786}") = "BuildStats", "src\BuildStats\BuildStats.fsproj", "{DBE37EB7-0B54-4F61-81E8-5D1B7D51CDC7}"
EndProject
Project("{F2A71F9B-5D33-465A-A702-920D77279786}") = "BuildStats.Tests", "tests\BuildStats.Tests\BuildStats.Tests.fsproj", "{B2541625-12CD-48AA-8C31-F864CE2CABA7}"
EndProject
Project("{2150E333-8FDC-42A3-9474-1A3956D46DE8}") = "_build", "_build", "{ED48320B-3073-4F7F-B692-00862473CF5B}"
ProjectSection(SolutionItems) = preProject
	NuGet.config = NuGet.config
EndProjectSection
EndProject
Project("{2150E333-8FDC-42A3-9474-1A3956D46DE8}") = "_psscripts", "_psscripts", "{37842F53-276D-43F4-A6D2-85D482AB8C4C}"
ProjectSection(SolutionItems) = preProject
	.psscripts\build-functions.ps1 = .psscripts\build-functions.ps1
	.psscripts\install-dotnet.ps1 = .psscripts\install-dotnet.ps1
	.psscripts\nuget-updates.ps1 = .psscripts\nuget-updates.ps1
EndProjectSection
EndProject
Project("{2150E333-8FDC-42A3-9474-1A3956D46DE8}") = "_docs", "_docs", "{297E8815-6C99-4965-B743-1F77E84EBA59}"
ProjectSection(SolutionItems) = preProject
	README.md = README.md
	LICENSE = LICENSE
EndProjectSection
EndProject
Project("{2150E333-8FDC-42A3-9474-1A3956D46DE8}") = "_git", "_git", "{3220A93E-2200-43E0-95F6-1F450C93F877}"
ProjectSection(SolutionItems) = preProject
	.gitattributes = .gitattributes
	.gitignore = .gitignore
EndProjectSection
EndProject
Global
	GlobalSection(SolutionConfigurationPlatforms) = preSolution
		Debug|Any CPU = Debug|Any CPU
		Debug|x64 = Debug|x64
		Debug|x86 = Debug|x86
		Release|Any CPU = Release|Any CPU
		Release|x64 = Release|x64
		Release|x86 = Release|x86
	EndGlobalSection
	GlobalSection(SolutionProperties) = preSolution
		HideSolutionNode = FALSE
	EndGlobalSection
	GlobalSection(NestedProjects) = preSolution
		{DBE37EB7-0B54-4F61-81E8-5D1B7D51CDC7} = {6C57DDCC-CACB-4CC0-B612-F07F5ED4686F}
		{B2541625-12CD-48AA-8C31-F864CE2CABA7} = {D80012EC-0AFC-415B-A58B-6B06B770342D}
	EndGlobalSection
	GlobalSection(ProjectConfigurationPlatforms) = postSolution
		{DBE37EB7-0B54-4F61-81E8-5D1B7D51CDC7}.Debug|Any CPU.ActiveCfg = Debug|Any CPU
		{DBE37EB7-0B54-4F61-81E8-5D1B7D51CDC7}.Debug|Any CPU.Build.0 = Debug|Any CPU
		{DBE37EB7-0B54-4F61-81E8-5D1B7D51CDC7}.Debug|x64.ActiveCfg = Debug|Any CPU
		{DBE37EB7-0B54-4F61-81E8-5D1B7D51CDC7}.Debug|x64.Build.0 = Debug|Any CPU
		{DBE37EB7-0B54-4F61-81E8-5D1B7D51CDC7}.Debug|x86.ActiveCfg = Debug|Any CPU
		{DBE37EB7-0B54-4F61-81E8-5D1B7D51CDC7}.Debug|x86.Build.0 = Debug|Any CPU
		{DBE37EB7-0B54-4F61-81E8-5D1B7D51CDC7}.Release|Any CPU.ActiveCfg = Release|Any CPU
		{DBE37EB7-0B54-4F61-81E8-5D1B7D51CDC7}.Release|Any CPU.Build.0 = Release|Any CPU
		{DBE37EB7-0B54-4F61-81E8-5D1B7D51CDC7}.Release|x64.ActiveCfg = Release|Any CPU
		{DBE37EB7-0B54-4F61-81E8-5D1B7D51CDC7}.Release|x64.Build.0 = Release|Any CPU
		{DBE37EB7-0B54-4F61-81E8-5D1B7D51CDC7}.Release|x86.ActiveCfg = Release|Any CPU
		{DBE37EB7-0B54-4F61-81E8-5D1B7D51CDC7}.Release|x86.Build.0 = Release|Any CPU
		{B2541625-12CD-48AA-8C31-F864CE2CABA7}.Debug|Any CPU.ActiveCfg = Debug|Any CPU
		{B2541625-12CD-48AA-8C31-F864CE2CABA7}.Debug|Any CPU.Build.0 = Debug|Any CPU
		{B2541625-12CD-48AA-8C31-F864CE2CABA7}.Debug|x64.ActiveCfg = Debug|Any CPU
		{B2541625-12CD-48AA-8C31-F864CE2CABA7}.Debug|x64.Build.0 = Debug|Any CPU
		{B2541625-12CD-48AA-8C31-F864CE2CABA7}.Debug|x86.ActiveCfg = Debug|Any CPU
		{B2541625-12CD-48AA-8C31-F864CE2CABA7}.Debug|x86.Build.0 = Debug|Any CPU
		{B2541625-12CD-48AA-8C31-F864CE2CABA7}.Release|Any CPU.ActiveCfg = Release|Any CPU
		{B2541625-12CD-48AA-8C31-F864CE2CABA7}.Release|Any CPU.Build.0 = Release|Any CPU
		{B2541625-12CD-48AA-8C31-F864CE2CABA7}.Release|x64.ActiveCfg = Release|Any CPU
		{B2541625-12CD-48AA-8C31-F864CE2CABA7}.Release|x64.Build.0 = Release|Any CPU
		{B2541625-12CD-48AA-8C31-F864CE2CABA7}.Release|x86.ActiveCfg = Release|Any CPU
		{B2541625-12CD-48AA-8C31-F864CE2CABA7}.Release|x86.Build.0 = Release|Any CPU
	EndGlobalSection
EndGlobal
